{
    "name": "lock-pid-file",
    "version": "0.0.1",
    "lockfileVersion": 1,
    "requires": true,
    "dependencies": {
        "@types/node": {
            "version": "14.17.5",
            "resolved": "https://repo.huaweicloud.com/repository/npm/@types/node/-/node-14.17.5.tgz",
            "integrity": "sha512-bjqH2cX/O33jXT/UmReo2pM7DIJREPMnarixbQ57DOOzzFaI6D2+IcwaJQaJpv0M1E9TIhPCYVxrkcityLjlqA=="
        },
        "identifier-cases": {
            "version": "https://gitee.com/zimtsui/identifier-cases.git",
            "integrity": "sha512-VnU5c+ufQfckHPiRfnJXs5GM+xgGkrNtxQwdD07jfJAlY3LdCT5oah3hQ0nApDSPLP/0WdVppWo4SqTbCdBRNA=="
        },
        "node-addon-api": {
            "version": "4.0.0",
            "resolved": "https://repo.huaweicloud.com/repository/npm/node-addon-api/-/node-addon-api-4.0.0.tgz",
            "integrity": "sha512-ALmRVBFzfwldBfk3SbKfl6+PVMXiCPKZBEfsJqB/EjXAMAI+MfFrEHR+GMRBuI162DihZ1QjEZ8ieYKuRCJ8Hg=="
        },
        "posix-lock": {
            "version": "https://gitee.com/zimtsui/posix-lock.git",
            "integrity": "sha512-G4LiAfqovVn3Kg7N6oUr0Z81NcWygkHWXm6aLYq8sf6JGedHHFqdVRrp5VVbA0pMuPuypBUe30P/MukG0Yi0aA==",
            "requires": {
                "@types/node": "^14.17.4",
                "node-addon-api": "^4.0.0"
            }
        }
    }
}
